
Microsoft Visual Studio Solution File, Format Version 12.00
# Visual Studio Version 17
VisualStudioVersion = 17.3.32819.101
MinimumVisualStudioVersion = 10.0.40219.1
Project("{8BC9CEB8-8B4A-11D0-8D11-00A0C91BC942}") = "EchoUDPSocket", "EchoUDPSocket\EchoUDPSocket.vcxproj", "{9DD4B213-75D6-4B6B-8775-5B8FBC287EFE}"
EndProject
Global
	GlobalSection(SolutionConfigurationPlatforms) = preSolution
		Debug|x64 = Debug|x64
		Debug|x86 = Debug|x86
		Release|x64 = Release|x64
		Release|x86 = Release|x86
	EndGlobalSection
	GlobalSection(ProjectConfigurationPlatforms) = postSolution
		{9DD4B213-75D6-4B6B-8775-5B8FBC287EFE}.Debug|x64.ActiveCfg = Debug|x64
		{9DD4B213-75D6-4B6B-8775-5B8FBC287EFE}.Debug|x64.Build.0 = Debug|x64
		{9DD4B213-75D6-4B6B-8775-5B8FBC287EFE}.Debug|x86.ActiveCfg = Debug|Win32
		{9DD4B213-75D6-4B6B-8775-5B8FBC287EFE}.Debug|x86.Build.0 = Debug|Win32
		{9DD4B213-75D6-4B6B-8775-5B8FBC287EFE}.Release|x64.ActiveCfg = Release|x64
		{9DD4B213-75D6-4B6B-8775-5B8FBC287EFE}.Release|x64.Build.0 = Release|x64
		{9DD4B213-75D6-4B6B-8775-5B8FBC287EFE}.Release|x86.ActiveCfg = Release|Win32
		{9DD4B213-75D6-4B6B-8775-5B8FBC287EFE}.Release|x86.Build.0 = Release|Win32
	EndGlobalSection
	GlobalSection(SolutionProperties) = preSolution
		HideSolutionNode = FALSE
	EndGlobalSection
	GlobalSection(ExtensibilityGlobals) = postSolution
		SolutionGuid = {4B788162-0011-4215-A9B1-87D479281ABD}
	EndGlobalSection
EndGlobal
